
Microsoft Visual Studio Solution File, Format Version 12.00
# Visual Studio 15
VisualStudioVersion = 15.0.28010.2026
MinimumVisualStudioVersion = 10.0.40219.1
Project("{FAE04EC0-301F-11D3-BF4B-00C04F79EFBC}") = "01.EvenNumbersThread", "01.EvenNumbersThread\01.EvenNumbersThread.csproj", "{45D26E7D-6501-4595-84D7-BE42043AF6D2}"
EndProject
Project("{FAE04EC0-301F-11D3-BF4B-00C04F79EFBC}") = "02.SliceFile", "02.SliceFile\02.SliceFile.csproj", "{041800C3-CF0E-4A0C-8AF3-2922F2832F51}"
EndProject
Project("{FAE04EC0-301F-11D3-BF4B-00C04F79EFBC}") = "03.SimpleWebServer", "03.SimpleWebServer\03.SimpleWebServer.csproj", "{02AAC897-C319-4620-B70A-7D6A3C20C955}"
EndProject
Global
	GlobalSection(SolutionConfigurationPlatforms) = preSolution
		Debug|Any CPU = Debug|Any CPU
		Release|Any CPU = Release|Any CPU
	EndGlobalSection
	GlobalSection(ProjectConfigurationPlatforms) = postSolution
		{45D26E7D-6501-4595-84D7-BE42043AF6D2}.Debug|Any CPU.ActiveCfg = Debug|Any CPU
		{45D26E7D-6501-4595-84D7-BE42043AF6D2}.Debug|Any CPU.Build.0 = Debug|Any CPU
		{45D26E7D-6501-4595-84D7-BE42043AF6D2}.Release|Any CPU.ActiveCfg = Release|Any CPU
		{45D26E7D-6501-4595-84D7-BE42043AF6D2}.Release|Any CPU.Build.0 = Release|Any CPU
		{041800C3-CF0E-4A0C-8AF3-2922F2832F51}.Debug|Any CPU.ActiveCfg = Debug|Any CPU
		{041800C3-CF0E-4A0C-8AF3-2922F2832F51}.Debug|Any CPU.Build.0 = Debug|Any CPU
		{041800C3-CF0E-4A0C-8AF3-2922F2832F51}.Release|Any CPU.ActiveCfg = Release|Any CPU
		{041800C3-CF0E-4A0C-8AF3-2922F2832F51}.Release|Any CPU.Build.0 = Release|Any CPU
		{02AAC897-C319-4620-B70A-7D6A3C20C955}.Debug|Any CPU.ActiveCfg = Debug|Any CPU
		{02AAC897-C319-4620-B70A-7D6A3C20C955}.Debug|Any CPU.Build.0 = Debug|Any CPU
		{02AAC897-C319-4620-B70A-7D6A3C20C955}.Release|Any CPU.ActiveCfg = Release|Any CPU
		{02AAC897-C319-4620-B70A-7D6A3C20C955}.Release|Any CPU.Build.0 = Release|Any CPU
	EndGlobalSection
	GlobalSection(SolutionProperties) = preSolution
		HideSolutionNode = FALSE
	EndGlobalSection
	GlobalSection(ExtensibilityGlobals) = postSolution
		SolutionGuid = {9AB15A91-A35F-4C64-89E2-AB9BCB95EA85}
	EndGlobalSection
EndGlobal
